
Microsoft Visual Studio Solution File, Format Version 12.00
# Visual Studio Version 16
VisualStudioVersion = 16.0.29806.167
MinimumVisualStudioVersion = 10.0.40219.1
Project("{9A19103F-16F7-4668-BE54-9A1E7A4F7556}") = "HwAspNetCoreBlazor", "src\HwAspNetCoreBlazor\HwAspNetCoreBlazor.csproj", "{F53A30C9-252F-461A-AE58-A437E77B01D4}"
EndProject
Project("{9A19103F-16F7-4668-BE54-9A1E7A4F7556}") = "HwAspNetCoreBlazor.API", "src\HwAspNetCoreBlazor.API\HwAspNetCoreBlazor.API.csproj", "{7A52786E-8943-44DD-887A-A5CCD09088E5}"
EndProject
Project("{9A19103F-16F7-4668-BE54-9A1E7A4F7556}") = "HwAspNetCoreBlazor.Core", "src\HwAspNetCoreBlazor.Core\HwAspNetCoreBlazor.Core.csproj", "{2D62758C-1865-4170-9074-3CBE6AB7C274}"
EndProject
Project("{9A19103F-16F7-4668-BE54-9A1E7A4F7556}") = "HwAspNetCoreBlazor.Data", "src\HwAspNetCoreBlazor.Data\HwAspNetCoreBlazor.Data.csproj", "{F267E94B-1357-4D59-B9AF-8ADD6151EF2A}"
EndProject
Global
	GlobalSection(SolutionConfigurationPlatforms) = preSolution
		Debug|Any CPU = Debug|Any CPU
		Release|Any CPU = Release|Any CPU
	EndGlobalSection
	GlobalSection(ProjectConfigurationPlatforms) = postSolution
		{F53A30C9-252F-461A-AE58-A437E77B01D4}.Debug|Any CPU.ActiveCfg = Debug|Any CPU
		{F53A30C9-252F-461A-AE58-A437E77B01D4}.Debug|Any CPU.Build.0 = Debug|Any CPU
		{F53A30C9-252F-461A-AE58-A437E77B01D4}.Release|Any CPU.ActiveCfg = Release|Any CPU
		{F53A30C9-252F-461A-AE58-A437E77B01D4}.Release|Any CPU.Build.0 = Release|Any CPU
		{7A52786E-8943-44DD-887A-A5CCD09088E5}.Debug|Any CPU.ActiveCfg = Debug|Any CPU
		{7A52786E-8943-44DD-887A-A5CCD09088E5}.Debug|Any CPU.Build.0 = Debug|Any CPU
		{7A52786E-8943-44DD-887A-A5CCD09088E5}.Release|Any CPU.ActiveCfg = Release|Any CPU
		{7A52786E-8943-44DD-887A-A5CCD09088E5}.Release|Any CPU.Build.0 = Release|Any CPU
		{2D62758C-1865-4170-9074-3CBE6AB7C274}.Debug|Any CPU.ActiveCfg = Debug|Any CPU
		{2D62758C-1865-4170-9074-3CBE6AB7C274}.Debug|Any CPU.Build.0 = Debug|Any CPU
		{2D62758C-1865-4170-9074-3CBE6AB7C274}.Release|Any CPU.ActiveCfg = Release|Any CPU
		{2D62758C-1865-4170-9074-3CBE6AB7C274}.Release|Any CPU.Build.0 = Release|Any CPU
		{F267E94B-1357-4D59-B9AF-8ADD6151EF2A}.Debug|Any CPU.ActiveCfg = Debug|Any CPU
		{F267E94B-1357-4D59-B9AF-8ADD6151EF2A}.Debug|Any CPU.Build.0 = Debug|Any CPU
		{F267E94B-1357-4D59-B9AF-8ADD6151EF2A}.Release|Any CPU.ActiveCfg = Release|Any CPU
		{F267E94B-1357-4D59-B9AF-8ADD6151EF2A}.Release|Any CPU.Build.0 = Release|Any CPU
	EndGlobalSection
	GlobalSection(SolutionProperties) = preSolution
		HideSolutionNode = FALSE
	EndGlobalSection
	GlobalSection(ExtensibilityGlobals) = postSolution
		SolutionGuid = {56C02257-8178-4F5A-A236-E4AE7888DB09}
	EndGlobalSection
EndGlobal
